
Microsoft Visual Studio Solution File, Format Version 12.00
# Visual Studio 15
VisualStudioVersion = 15.0.27004.2006
MinimumVisualStudioVersion = 10.0.40219.1
Project("{FAE04EC0-301F-11D3-BF4B-00C04F79EFBC}") = "Spike.WebAdmin", "Spike.WebAdmin\Spike.WebAdmin.csproj", "{01BEBFD5-323F-4199-B681-E190CBD69358}"
EndProject
Project("{FAE04EC0-301F-11D3-BF4B-00C04F79EFBC}") = "Modular.Core", "Modular.Core\Modular.Core.csproj", "{6531CB1D-7270-4BA2-BE2A-867286C34E63}"
EndProject
Project("{2150E333-8FDC-42A3-9474-1A3956D46DE8}") = "Modules", "Modules", "{54073FB6-ACDF-4AE2-AAB8-49D84DC84F3A}"
EndProject
Project("{FAE04EC0-301F-11D3-BF4B-00C04F79EFBC}") = "Spike.WebAdmin.TestModule", "Spike.WebAdmin.TestModule\Spike.WebAdmin.TestModule.csproj", "{DB203D4B-9111-4EB7-9460-E2E941140EA6}"
EndProject
Global
	GlobalSection(SolutionConfigurationPlatforms) = preSolution
		Debug|Any CPU = Debug|Any CPU
		Release|Any CPU = Release|Any CPU
	EndGlobalSection
	GlobalSection(ProjectConfigurationPlatforms) = postSolution
		{01BEBFD5-323F-4199-B681-E190CBD69358}.Debug|Any CPU.ActiveCfg = Debug|Any CPU
		{01BEBFD5-323F-4199-B681-E190CBD69358}.Debug|Any CPU.Build.0 = Debug|Any CPU
		{01BEBFD5-323F-4199-B681-E190CBD69358}.Release|Any CPU.ActiveCfg = Release|Any CPU
		{01BEBFD5-323F-4199-B681-E190CBD69358}.Release|Any CPU.Build.0 = Release|Any CPU
		{6531CB1D-7270-4BA2-BE2A-867286C34E63}.Debug|Any CPU.ActiveCfg = Debug|Any CPU
		{6531CB1D-7270-4BA2-BE2A-867286C34E63}.Debug|Any CPU.Build.0 = Debug|Any CPU
		{6531CB1D-7270-4BA2-BE2A-867286C34E63}.Release|Any CPU.ActiveCfg = Release|Any CPU
		{6531CB1D-7270-4BA2-BE2A-867286C34E63}.Release|Any CPU.Build.0 = Release|Any CPU
		{DB203D4B-9111-4EB7-9460-E2E941140EA6}.Debug|Any CPU.ActiveCfg = Debug|Any CPU
		{DB203D4B-9111-4EB7-9460-E2E941140EA6}.Debug|Any CPU.Build.0 = Debug|Any CPU
		{DB203D4B-9111-4EB7-9460-E2E941140EA6}.Release|Any CPU.ActiveCfg = Release|Any CPU
		{DB203D4B-9111-4EB7-9460-E2E941140EA6}.Release|Any CPU.Build.0 = Release|Any CPU
	EndGlobalSection
	GlobalSection(SolutionProperties) = preSolution
		HideSolutionNode = FALSE
	EndGlobalSection
	GlobalSection(NestedProjects) = preSolution
		{DB203D4B-9111-4EB7-9460-E2E941140EA6} = {54073FB6-ACDF-4AE2-AAB8-49D84DC84F3A}
	EndGlobalSection
	GlobalSection(ExtensibilityGlobals) = postSolution
		SolutionGuid = {772421F1-09DD-4055-B68B-F22F9959619C}
	EndGlobalSection
EndGlobal
